
Microsoft Visual Studio Solution File, Format Version 12.00
# Visual Studio Version 16
VisualStudioVersion = 16.0.30907.101
MinimumVisualStudioVersion = 10.0.40219.1
Project("{FAE04EC0-301F-11D3-BF4B-00C04F79EFBC}") = "DbManager", "DbManager\DbManager.csproj", "{3554D5EB-99F6-4CE8-A1D5-C803913323C5}"
EndProject
Project("{FAE04EC0-301F-11D3-BF4B-00C04F79EFBC}") = "DbManagerWPF", "DbManagerWPF\DbManagerWPF.csproj", "{65D21CC9-4B47-4BF8-8511-17533C6EB351}"
EndProject
Global
	GlobalSection(SolutionConfigurationPlatforms) = preSolution
		Debug|Any CPU = Debug|Any CPU
		Release|Any CPU = Release|Any CPU
	EndGlobalSection
	GlobalSection(ProjectConfigurationPlatforms) = postSolution
		{3554D5EB-99F6-4CE8-A1D5-C803913323C5}.Debug|Any CPU.ActiveCfg = Debug|Any CPU
		{3554D5EB-99F6-4CE8-A1D5-C803913323C5}.Debug|Any CPU.Build.0 = Debug|Any CPU
		{3554D5EB-99F6-4CE8-A1D5-C803913323C5}.Release|Any CPU.ActiveCfg = Release|Any CPU
		{3554D5EB-99F6-4CE8-A1D5-C803913323C5}.Release|Any CPU.Build.0 = Release|Any CPU
		{65D21CC9-4B47-4BF8-8511-17533C6EB351}.Debug|Any CPU.ActiveCfg = Debug|Any CPU
		{65D21CC9-4B47-4BF8-8511-17533C6EB351}.Debug|Any CPU.Build.0 = Debug|Any CPU
		{65D21CC9-4B47-4BF8-8511-17533C6EB351}.Release|Any CPU.ActiveCfg = Release|Any CPU
		{65D21CC9-4B47-4BF8-8511-17533C6EB351}.Release|Any CPU.Build.0 = Release|Any CPU
	EndGlobalSection
	GlobalSection(SolutionProperties) = preSolution
		HideSolutionNode = FALSE
	EndGlobalSection
	GlobalSection(ExtensibilityGlobals) = postSolution
		SolutionGuid = {1A5848B5-711F-41D9-A6BA-03AEF24CE113}
	EndGlobalSection
EndGlobal
